
Microsoft Visual Studio Solution File, Format Version 12.00
# Visual Studio Version 16
VisualStudioVersion = 16.0.33529.622
MinimumVisualStudioVersion = 10.0.40219.1
Project("{FAE04EC0-301F-11D3-BF4B-00C04F79EFBC}") = "WebApplication1", "WebApplication1\WebApplication1.csproj", "{B4732E8D-C1F4-40AE-BE7A-E87D34EEB801}"
EndProject
Global
	GlobalSection(SolutionConfigurationPlatforms) = preSolution
		Debug|Any CPU = Debug|Any CPU
		Release|Any CPU = Release|Any CPU
	EndGlobalSection
	GlobalSection(ProjectConfigurationPlatforms) = postSolution
		{B4732E8D-C1F4-40AE-BE7A-E87D34EEB801}.Debug|Any CPU.ActiveCfg = Debug|Any CPU
		{B4732E8D-C1F4-40AE-BE7A-E87D34EEB801}.Debug|Any CPU.Build.0 = Debug|Any CPU
		{B4732E8D-C1F4-40AE-BE7A-E87D34EEB801}.Release|Any CPU.ActiveCfg = Release|Any CPU
		{B4732E8D-C1F4-40AE-BE7A-E87D34EEB801}.Release|Any CPU.Build.0 = Release|Any CPU
	EndGlobalSection
	GlobalSection(SolutionProperties) = preSolution
		HideSolutionNode = FALSE
	EndGlobalSection
	GlobalSection(ExtensibilityGlobals) = postSolution
		SolutionGuid = {E91CF7DF-8F25-458C-9106-C3E57B91F755}
	EndGlobalSection
EndGlobal
